
Microsoft Visual Studio Solution File, Format Version 12.00
# Visual Studio Version 16
VisualStudioVersion = 16.0.31911.196
MinimumVisualStudioVersion = 10.0.40219.1
Project("{FAE04EC0-301F-11D3-BF4B-00C04F79EFBC}") = "ЗаданиеWpf17", "ЗаданиеWpf17\ЗаданиеWpf17.csproj", "{52984C28-4CEA-444F-B4CD-41AE0CBFA70F}"
EndProject
Global
	GlobalSection(SolutionConfigurationPlatforms) = preSolution
		Debug|Any CPU = Debug|Any CPU
		Release|Any CPU = Release|Any CPU
	EndGlobalSection
	GlobalSection(ProjectConfigurationPlatforms) = postSolution
		{52984C28-4CEA-444F-B4CD-41AE0CBFA70F}.Debug|Any CPU.ActiveCfg = Debug|Any CPU
		{52984C28-4CEA-444F-B4CD-41AE0CBFA70F}.Debug|Any CPU.Build.0 = Debug|Any CPU
		{52984C28-4CEA-444F-B4CD-41AE0CBFA70F}.Release|Any CPU.ActiveCfg = Release|Any CPU
		{52984C28-4CEA-444F-B4CD-41AE0CBFA70F}.Release|Any CPU.Build.0 = Release|Any CPU
	EndGlobalSection
	GlobalSection(SolutionProperties) = preSolution
		HideSolutionNode = FALSE
	EndGlobalSection
	GlobalSection(ExtensibilityGlobals) = postSolution
		SolutionGuid = {9E3B4209-0605-4920-8B49-2E6A74561297}
	EndGlobalSection
EndGlobal
